
Microsoft Visual Studio Solution File, Format Version 12.00
# Visual Studio Version 17
VisualStudioVersion = 17.0.31903.59
MinimumVisualStudioVersion = 10.0.40219.1
Project("{2150E333-8FDC-42A3-9474-1A3956D46DE8}") = "src", "src", "{6FAACFE8-35FD-47C7-96DC-25BA73179054}"
EndProject
Project("{FAE04EC0-301F-11D3-BF4B-00C04F79EFBC}") = "Xabbo.Docs", "src\Xabbo.Docs\Xabbo.Docs.csproj", "{8FEB200E-475D-4AB8-AE3A-D7ED09A76186}"
EndProject
Project("{2150E333-8FDC-42A3-9474-1A3956D46DE8}") = "examples", "examples", "{CCC47F7D-4EAE-479D-AE7B-761B370AC5A1}"
EndProject
Project("{2150E333-8FDC-42A3-9474-1A3956D46DE8}") = "extension-events", "extension-events", "{B423BD93-1109-4341-89C2-F2F7DFA14344}"
EndProject
Project("{FAE04EC0-301F-11D3-BF4B-00C04F79EFBC}") = "Examples.ExtensionEvents.Inherited", "src\examples\extension-events\inherited\Examples.ExtensionEvents.Inherited.csproj", "{5C2AB7FB-C3B5-4184-BCB5-BFA26EB95BFA}"
EndProject
Project("{FAE04EC0-301F-11D3-BF4B-00C04F79EFBC}") = "Examples.ExtensionEvents.Minimal", "src\examples\extension-events\minimal\Examples.ExtensionEvents.Minimal.csproj", "{62CB499F-0BC9-4A99-A748-85DF5D796805}"
EndProject
Project("{2150E333-8FDC-42A3-9474-1A3956D46DE8}") = "create-extension", "create-extension", "{234468CF-5649-4590-BC6B-0B3C0D1F2CD1}"
EndProject
Project("{FAE04EC0-301F-11D3-BF4B-00C04F79EFBC}") = "Examples.CreateExtension.Inherited", "src\examples\create-extension\inherited\Examples.CreateExtension.Inherited.csproj", "{33837944-85F6-423A-A9EA-53AA92D3DC02}"
EndProject
Project("{FAE04EC0-301F-11D3-BF4B-00C04F79EFBC}") = "Examples.CreateExtension.Minimal", "src\examples\create-extension\minimal\Examples.CreateExtension.Minimal.csproj", "{782162AE-F4A8-4107-9D67-D857E2FC76F2}"
EndProject
Project("{2150E333-8FDC-42A3-9474-1A3956D46DE8}") = "packets", "packets", "{6E7EFC15-F240-4EA6-B14D-902EEB67EB41}"
EndProject
Project("{FAE04EC0-301F-11D3-BF4B-00C04F79EFBC}") = "Examples.Packets.Minimal", "src\examples\packets\minimal\Examples.Packets.Minimal.csproj", "{134C23D7-632F-4596-9472-A238DB7DADFD}"
EndProject
Project("{FAE04EC0-301F-11D3-BF4B-00C04F79EFBC}") = "Examples.Packets.Inherited", "src\examples\packets\inherited\Examples.Packets.Inherited.csproj", "{4652E154-6508-4D8D-96FE-24694E62E840}"
EndProject
Project("{FAE04EC0-301F-11D3-BF4B-00C04F79EFBC}") = "Examples.Packets.Minimal.Shockwave", "src\examples\packets\minimal-shockwave\Examples.Packets.Minimal.Shockwave.csproj", "{AF612F91-F74F-4092-A9CA-195FEFB8FA26}"
EndProject
Global
	GlobalSection(SolutionConfigurationPlatforms) = preSolution
		Debug|Any CPU = Debug|Any CPU
		Release|Any CPU = Release|Any CPU
	EndGlobalSection
	GlobalSection(SolutionProperties) = preSolution
		HideSolutionNode = FALSE
	EndGlobalSection
	GlobalSection(ProjectConfigurationPlatforms) = postSolution
		{8FEB200E-475D-4AB8-AE3A-D7ED09A76186}.Debug|Any CPU.ActiveCfg = Debug|Any CPU
		{8FEB200E-475D-4AB8-AE3A-D7ED09A76186}.Debug|Any CPU.Build.0 = Debug|Any CPU
		{8FEB200E-475D-4AB8-AE3A-D7ED09A76186}.Release|Any CPU.ActiveCfg = Release|Any CPU
		{8FEB200E-475D-4AB8-AE3A-D7ED09A76186}.Release|Any CPU.Build.0 = Release|Any CPU
		{5C2AB7FB-C3B5-4184-BCB5-BFA26EB95BFA}.Debug|Any CPU.ActiveCfg = Debug|Any CPU
		{5C2AB7FB-C3B5-4184-BCB5-BFA26EB95BFA}.Debug|Any CPU.Build.0 = Debug|Any CPU
		{5C2AB7FB-C3B5-4184-BCB5-BFA26EB95BFA}.Release|Any CPU.ActiveCfg = Release|Any CPU
		{5C2AB7FB-C3B5-4184-BCB5-BFA26EB95BFA}.Release|Any CPU.Build.0 = Release|Any CPU
		{62CB499F-0BC9-4A99-A748-85DF5D796805}.Debug|Any CPU.ActiveCfg = Debug|Any CPU
		{62CB499F-0BC9-4A99-A748-85DF5D796805}.Debug|Any CPU.Build.0 = Debug|Any CPU
		{62CB499F-0BC9-4A99-A748-85DF5D796805}.Release|Any CPU.ActiveCfg = Release|Any CPU
		{62CB499F-0BC9-4A99-A748-85DF5D796805}.Release|Any CPU.Build.0 = Release|Any CPU
		{33837944-85F6-423A-A9EA-53AA92D3DC02}.Debug|Any CPU.ActiveCfg = Debug|Any CPU
		{33837944-85F6-423A-A9EA-53AA92D3DC02}.Debug|Any CPU.Build.0 = Debug|Any CPU
		{33837944-85F6-423A-A9EA-53AA92D3DC02}.Release|Any CPU.ActiveCfg = Release|Any CPU
		{33837944-85F6-423A-A9EA-53AA92D3DC02}.Release|Any CPU.Build.0 = Release|Any CPU
		{782162AE-F4A8-4107-9D67-D857E2FC76F2}.Debug|Any CPU.ActiveCfg = Debug|Any CPU
		{782162AE-F4A8-4107-9D67-D857E2FC76F2}.Debug|Any CPU.Build.0 = Debug|Any CPU
		{782162AE-F4A8-4107-9D67-D857E2FC76F2}.Release|Any CPU.ActiveCfg = Release|Any CPU
		{782162AE-F4A8-4107-9D67-D857E2FC76F2}.Release|Any CPU.Build.0 = Release|Any CPU
		{134C23D7-632F-4596-9472-A238DB7DADFD}.Debug|Any CPU.ActiveCfg = Debug|Any CPU
		{134C23D7-632F-4596-9472-A238DB7DADFD}.Debug|Any CPU.Build.0 = Debug|Any CPU
		{134C23D7-632F-4596-9472-A238DB7DADFD}.Release|Any CPU.ActiveCfg = Release|Any CPU
		{134C23D7-632F-4596-9472-A238DB7DADFD}.Release|Any CPU.Build.0 = Release|Any CPU
		{4652E154-6508-4D8D-96FE-24694E62E840}.Debug|Any CPU.ActiveCfg = Debug|Any CPU
		{4652E154-6508-4D8D-96FE-24694E62E840}.Debug|Any CPU.Build.0 = Debug|Any CPU
		{4652E154-6508-4D8D-96FE-24694E62E840}.Release|Any CPU.ActiveCfg = Release|Any CPU
		{4652E154-6508-4D8D-96FE-24694E62E840}.Release|Any CPU.Build.0 = Release|Any CPU
		{AF612F91-F74F-4092-A9CA-195FEFB8FA26}.Debug|Any CPU.ActiveCfg = Debug|Any CPU
		{AF612F91-F74F-4092-A9CA-195FEFB8FA26}.Debug|Any CPU.Build.0 = Debug|Any CPU
		{AF612F91-F74F-4092-A9CA-195FEFB8FA26}.Release|Any CPU.ActiveCfg = Release|Any CPU
		{AF612F91-F74F-4092-A9CA-195FEFB8FA26}.Release|Any CPU.Build.0 = Release|Any CPU
	EndGlobalSection
	GlobalSection(NestedProjects) = preSolution
		{8FEB200E-475D-4AB8-AE3A-D7ED09A76186} = {6FAACFE8-35FD-47C7-96DC-25BA73179054}
		{CCC47F7D-4EAE-479D-AE7B-761B370AC5A1} = {6FAACFE8-35FD-47C7-96DC-25BA73179054}
		{B423BD93-1109-4341-89C2-F2F7DFA14344} = {CCC47F7D-4EAE-479D-AE7B-761B370AC5A1}
		{5C2AB7FB-C3B5-4184-BCB5-BFA26EB95BFA} = {B423BD93-1109-4341-89C2-F2F7DFA14344}
		{62CB499F-0BC9-4A99-A748-85DF5D796805} = {B423BD93-1109-4341-89C2-F2F7DFA14344}
		{234468CF-5649-4590-BC6B-0B3C0D1F2CD1} = {CCC47F7D-4EAE-479D-AE7B-761B370AC5A1}
		{33837944-85F6-423A-A9EA-53AA92D3DC02} = {234468CF-5649-4590-BC6B-0B3C0D1F2CD1}
		{782162AE-F4A8-4107-9D67-D857E2FC76F2} = {234468CF-5649-4590-BC6B-0B3C0D1F2CD1}
		{6E7EFC15-F240-4EA6-B14D-902EEB67EB41} = {CCC47F7D-4EAE-479D-AE7B-761B370AC5A1}
		{134C23D7-632F-4596-9472-A238DB7DADFD} = {6E7EFC15-F240-4EA6-B14D-902EEB67EB41}
		{4652E154-6508-4D8D-96FE-24694E62E840} = {6E7EFC15-F240-4EA6-B14D-902EEB67EB41}
		{AF612F91-F74F-4092-A9CA-195FEFB8FA26} = {6E7EFC15-F240-4EA6-B14D-902EEB67EB41}
	EndGlobalSection
EndGlobal
